
Microsoft Visual Studio Solution File, Format Version 12.00
# Visual Studio 15
VisualStudioVersion = 15.0.27703.2035
MinimumVisualStudioVersion = 10.0.40219.1
Project("{FAE04EC0-301F-11D3-BF4B-00C04F79EFBC}") = "ScanX.App", "ScanX.App\ScanX.App.csproj", "{525B2FB7-EB2F-4970-9D3E-2C2BB1F3233E}"
EndProject
Project("{FAE04EC0-301F-11D3-BF4B-00C04F79EFBC}") = "ScanX.Protocol", "ScanX.Protocol\ScanX.Protocol.csproj", "{2ED2DFF1-0ABA-4723-B0EE-5353CBAC218C}"
EndProject
Project("{FAE04EC0-301F-11D3-BF4B-00C04F79EFBC}") = "ScanX.Core", "ScanX.Core\ScanX.Core.csproj", "{892AA8C7-018E-41A1-BEBF-25F46F2CC8FC}"
EndProject
Global
	GlobalSection(SolutionConfigurationPlatforms) = preSolution
		Debug|Any CPU = Debug|Any CPU
		Release|Any CPU = Release|Any CPU
	EndGlobalSection
	GlobalSection(ProjectConfigurationPlatforms) = postSolution
		{525B2FB7-EB2F-4970-9D3E-2C2BB1F3233E}.Debug|Any CPU.ActiveCfg = Debug|Any CPU
		{525B2FB7-EB2F-4970-9D3E-2C2BB1F3233E}.Debug|Any CPU.Build.0 = Debug|Any CPU
		{525B2FB7-EB2F-4970-9D3E-2C2BB1F3233E}.Release|Any CPU.ActiveCfg = Release|Any CPU
		{525B2FB7-EB2F-4970-9D3E-2C2BB1F3233E}.Release|Any CPU.Build.0 = Release|Any CPU
		{2ED2DFF1-0ABA-4723-B0EE-5353CBAC218C}.Debug|Any CPU.ActiveCfg = Debug|Any CPU
		{2ED2DFF1-0ABA-4723-B0EE-5353CBAC218C}.Debug|Any CPU.Build.0 = Debug|Any CPU
		{2ED2DFF1-0ABA-4723-B0EE-5353CBAC218C}.Release|Any CPU.ActiveCfg = Release|Any CPU
		{2ED2DFF1-0ABA-4723-B0EE-5353CBAC218C}.Release|Any CPU.Build.0 = Release|Any CPU
		{892AA8C7-018E-41A1-BEBF-25F46F2CC8FC}.Debug|Any CPU.ActiveCfg = Debug|Any CPU
		{892AA8C7-018E-41A1-BEBF-25F46F2CC8FC}.Debug|Any CPU.Build.0 = Debug|Any CPU
		{892AA8C7-018E-41A1-BEBF-25F46F2CC8FC}.Release|Any CPU.ActiveCfg = Release|Any CPU
		{892AA8C7-018E-41A1-BEBF-25F46F2CC8FC}.Release|Any CPU.Build.0 = Release|Any CPU
	EndGlobalSection
	GlobalSection(SolutionProperties) = preSolution
		HideSolutionNode = FALSE
	EndGlobalSection
	GlobalSection(ExtensibilityGlobals) = postSolution
		SolutionGuid = {29E44D0D-F3E1-4137-93DB-DDEF073C3F2E}
	EndGlobalSection
EndGlobal
