
Microsoft Visual Studio Solution File, Format Version 12.00
# Visual Studio Version 16
VisualStudioVersion = 16.0.30717.126
MinimumVisualStudioVersion = 10.0.40219.1
Project("{FAE04EC0-301F-11D3-BF4B-00C04F79EFBC}") = "ScanX.App", "ScanX.App\ScanX.App.csproj", "{525B2FB7-EB2F-4970-9D3E-2C2BB1F3233E}"
EndProject
Project("{9A19103F-16F7-4668-BE54-9A1E7A4F7556}") = "ScanX.Protocol", "ScanX.Protocol\ScanX.Protocol.csproj", "{2ED2DFF1-0ABA-4723-B0EE-5353CBAC218C}"
EndProject
Project("{9A19103F-16F7-4668-BE54-9A1E7A4F7556}") = "ScanX.Core", "ScanX.Core\ScanX.Core.csproj", "{892AA8C7-018E-41A1-BEBF-25F46F2CC8FC}"
EndProject
Project("{FAE04EC0-301F-11D3-BF4B-00C04F79EFBC}") = "ScanX.InstallHelpers", "ScanX.InstallHelpers\ScanX.InstallHelpers.csproj", "{D32D3EF9-7110-41DA-93CF-350F45DA6BB4}"
EndProject
Project("{9A19103F-16F7-4668-BE54-9A1E7A4F7556}") = "Scanx.Test", "Scanx.Test\Scanx.Test.csproj", "{8F418546-CA3D-4B4A-AD66-55970C3D27DF}"
EndProject
Project("{54435603-DBB4-11D2-8724-00A0C9A8B90C}") = "ScanX.Setup", "Scanx.Setup\Scanx.Setup.vdproj", "{20EA97AA-560B-42CF-AC61-3330E76A0A5A}"
EndProject
Project("{2150E333-8FDC-42A3-9474-1A3956D46DE8}") = "Setup", "Setup", "{A842DADE-752A-42E1-B527-97AFCB698966}"
EndProject
Project("{2150E333-8FDC-42A3-9474-1A3956D46DE8}") = "Tests", "Tests", "{026078FE-5FA9-46E9-909B-FD5BE01816C4}"
EndProject
Global
	GlobalSection(SolutionConfigurationPlatforms) = preSolution
		Debug|Any CPU = Debug|Any CPU
		Debug|x86 = Debug|x86
		Release|Any CPU = Release|Any CPU
		Release|x86 = Release|x86
	EndGlobalSection
	GlobalSection(ProjectConfigurationPlatforms) = postSolution
		{525B2FB7-EB2F-4970-9D3E-2C2BB1F3233E}.Debug|Any CPU.ActiveCfg = Debug|Any CPU
		{525B2FB7-EB2F-4970-9D3E-2C2BB1F3233E}.Debug|Any CPU.Build.0 = Debug|Any CPU
		{525B2FB7-EB2F-4970-9D3E-2C2BB1F3233E}.Debug|x86.ActiveCfg = Debug|Any CPU
		{525B2FB7-EB2F-4970-9D3E-2C2BB1F3233E}.Debug|x86.Build.0 = Debug|Any CPU
		{525B2FB7-EB2F-4970-9D3E-2C2BB1F3233E}.Release|Any CPU.ActiveCfg = Release|Any CPU
		{525B2FB7-EB2F-4970-9D3E-2C2BB1F3233E}.Release|Any CPU.Build.0 = Release|Any CPU
		{525B2FB7-EB2F-4970-9D3E-2C2BB1F3233E}.Release|x86.ActiveCfg = Release|Any CPU
		{525B2FB7-EB2F-4970-9D3E-2C2BB1F3233E}.Release|x86.Build.0 = Release|Any CPU
		{2ED2DFF1-0ABA-4723-B0EE-5353CBAC218C}.Debug|Any CPU.ActiveCfg = Debug|Any CPU
		{2ED2DFF1-0ABA-4723-B0EE-5353CBAC218C}.Debug|Any CPU.Build.0 = Debug|Any CPU
		{2ED2DFF1-0ABA-4723-B0EE-5353CBAC218C}.Debug|x86.ActiveCfg = Debug|Any CPU
		{2ED2DFF1-0ABA-4723-B0EE-5353CBAC218C}.Debug|x86.Build.0 = Debug|Any CPU
		{2ED2DFF1-0ABA-4723-B0EE-5353CBAC218C}.Release|Any CPU.ActiveCfg = Release|Any CPU
		{2ED2DFF1-0ABA-4723-B0EE-5353CBAC218C}.Release|Any CPU.Build.0 = Release|Any CPU
		{2ED2DFF1-0ABA-4723-B0EE-5353CBAC218C}.Release|x86.ActiveCfg = Release|Any CPU
		{2ED2DFF1-0ABA-4723-B0EE-5353CBAC218C}.Release|x86.Build.0 = Release|Any CPU
		{892AA8C7-018E-41A1-BEBF-25F46F2CC8FC}.Debug|Any CPU.ActiveCfg = Debug|Any CPU
		{892AA8C7-018E-41A1-BEBF-25F46F2CC8FC}.Debug|Any CPU.Build.0 = Debug|Any CPU
		{892AA8C7-018E-41A1-BEBF-25F46F2CC8FC}.Debug|x86.ActiveCfg = Debug|Any CPU
		{892AA8C7-018E-41A1-BEBF-25F46F2CC8FC}.Debug|x86.Build.0 = Debug|Any CPU
		{892AA8C7-018E-41A1-BEBF-25F46F2CC8FC}.Release|Any CPU.ActiveCfg = Release|Any CPU
		{892AA8C7-018E-41A1-BEBF-25F46F2CC8FC}.Release|Any CPU.Build.0 = Release|Any CPU
		{892AA8C7-018E-41A1-BEBF-25F46F2CC8FC}.Release|x86.ActiveCfg = Release|Any CPU
		{892AA8C7-018E-41A1-BEBF-25F46F2CC8FC}.Release|x86.Build.0 = Release|Any CPU
		{D32D3EF9-7110-41DA-93CF-350F45DA6BB4}.Debug|Any CPU.ActiveCfg = Debug|Any CPU
		{D32D3EF9-7110-41DA-93CF-350F45DA6BB4}.Debug|Any CPU.Build.0 = Debug|Any CPU
		{D32D3EF9-7110-41DA-93CF-350F45DA6BB4}.Debug|x86.ActiveCfg = Debug|Any CPU
		{D32D3EF9-7110-41DA-93CF-350F45DA6BB4}.Debug|x86.Build.0 = Debug|Any CPU
		{D32D3EF9-7110-41DA-93CF-350F45DA6BB4}.Release|Any CPU.ActiveCfg = Release|Any CPU
		{D32D3EF9-7110-41DA-93CF-350F45DA6BB4}.Release|Any CPU.Build.0 = Release|Any CPU
		{D32D3EF9-7110-41DA-93CF-350F45DA6BB4}.Release|x86.ActiveCfg = Release|Any CPU
		{D32D3EF9-7110-41DA-93CF-350F45DA6BB4}.Release|x86.Build.0 = Release|Any CPU
		{8F418546-CA3D-4B4A-AD66-55970C3D27DF}.Debug|Any CPU.ActiveCfg = Debug|Any CPU
		{8F418546-CA3D-4B4A-AD66-55970C3D27DF}.Debug|Any CPU.Build.0 = Debug|Any CPU
		{8F418546-CA3D-4B4A-AD66-55970C3D27DF}.Debug|x86.ActiveCfg = Debug|Any CPU
		{8F418546-CA3D-4B4A-AD66-55970C3D27DF}.Debug|x86.Build.0 = Debug|Any CPU
		{8F418546-CA3D-4B4A-AD66-55970C3D27DF}.Release|Any CPU.ActiveCfg = Release|Any CPU
		{8F418546-CA3D-4B4A-AD66-55970C3D27DF}.Release|Any CPU.Build.0 = Release|Any CPU
		{8F418546-CA3D-4B4A-AD66-55970C3D27DF}.Release|x86.ActiveCfg = Release|Any CPU
		{8F418546-CA3D-4B4A-AD66-55970C3D27DF}.Release|x86.Build.0 = Release|Any CPU
		{20EA97AA-560B-42CF-AC61-3330E76A0A5A}.Debug|Any CPU.ActiveCfg = Debug
		{20EA97AA-560B-42CF-AC61-3330E76A0A5A}.Debug|x86.ActiveCfg = Debug
		{20EA97AA-560B-42CF-AC61-3330E76A0A5A}.Release|Any CPU.ActiveCfg = Release
		{20EA97AA-560B-42CF-AC61-3330E76A0A5A}.Release|x86.ActiveCfg = Release
	EndGlobalSection
	GlobalSection(SolutionProperties) = preSolution
		HideSolutionNode = FALSE
	EndGlobalSection
	GlobalSection(NestedProjects) = preSolution
		{525B2FB7-EB2F-4970-9D3E-2C2BB1F3233E} = {026078FE-5FA9-46E9-909B-FD5BE01816C4}
		{D32D3EF9-7110-41DA-93CF-350F45DA6BB4} = {A842DADE-752A-42E1-B527-97AFCB698966}
		{8F418546-CA3D-4B4A-AD66-55970C3D27DF} = {026078FE-5FA9-46E9-909B-FD5BE01816C4}
		{20EA97AA-560B-42CF-AC61-3330E76A0A5A} = {A842DADE-752A-42E1-B527-97AFCB698966}
	EndGlobalSection
	GlobalSection(ExtensibilityGlobals) = postSolution
		SolutionGuid = {29E44D0D-F3E1-4137-93DB-DDEF073C3F2E}
	EndGlobalSection
EndGlobal
